#MicroXplorer Configuration settings - do not modify
ADC1.Channel-0\#ChannelRegularConversion=ADC_CHANNEL_16
ADC1.ClockPrescaler=ADC_CLOCK_ASYNC_DIV32
ADC1.IPParameters=Rank-0\#ChannelRegularConversion,Channel-0\#ChannelRegularConversion,SamplingTime-0\#ChannelRegularConversion,OffsetNumber-0\#ChannelRegularConversion,OffsetSignedSaturation-0\#ChannelRegularConversion,NbrOfConversionFlag,master,ClockPrescaler
ADC1.NbrOfConversionFlag=1
ADC1.OffsetNumber-0\#ChannelRegularConversion=ADC_OFFSET_NONE
ADC1.OffsetSignedSaturation-0\#ChannelRegularConversion=DISABLE
ADC1.Rank-0\#ChannelRegularConversion=1
ADC1.SamplingTime-0\#ChannelRegularConversion=ADC_SAMPLETIME_1CYCLE_5
ADC1.master=1
ADC2.Channel-0\#ChannelRegularConversion=ADC_CHANNEL_9
ADC2.ClockPrescaler=ADC_CLOCK_ASYNC_DIV32
ADC2.IPParameters=Rank-0\#ChannelRegularConversion,Channel-0\#ChannelRegularConversion,SamplingTime-0\#ChannelRegularConversion,OffsetNumber-0\#ChannelRegularConversion,OffsetSignedSaturation-0\#ChannelRegularConversion,NbrOfConversionFlag,ClockPrescaler
ADC2.NbrOfConversionFlag=1
ADC2.OffsetNumber-0\#ChannelRegularConversion=ADC_OFFSET_NONE
ADC2.OffsetSignedSaturation-0\#ChannelRegularConversion=DISABLE
ADC2.Rank-0\#ChannelRegularConversion=1
ADC2.SamplingTime-0\#ChannelRegularConversion=ADC_SAMPLETIME_1CYCLE_5
CAD.formats=
CAD.pinconfig=
CAD.provider=
CORTEX_M7.CPU_DCache=Enabled
CORTEX_M7.CPU_ICache=Enabled
CORTEX_M7.IPParameters=CPU_ICache,CPU_DCache
Dma.ADC1.2.Direction=DMA_PERIPH_TO_MEMORY
Dma.ADC1.2.EventEnable=DISABLE
Dma.ADC1.2.FIFOMode=DMA_FIFOMODE_DISABLE
Dma.ADC1.2.Instance=DMA1_Stream2
Dma.ADC1.2.MemDataAlignment=DMA_MDATAALIGN_HALFWORD
Dma.ADC1.2.MemInc=DMA_MINC_ENABLE
Dma.ADC1.2.Mode=DMA_CIRCULAR
Dma.ADC1.2.PeriphDataAlignment=DMA_PDATAALIGN_HALFWORD
Dma.ADC1.2.PeriphInc=DMA_PINC_DISABLE
Dma.ADC1.2.Polarity=HAL_DMAMUX_REQ_GEN_RISING
Dma.ADC1.2.Priority=DMA_PRIORITY_LOW
Dma.ADC1.2.RequestNumber=1
Dma.ADC1.2.RequestParameters=Instance,Direction,PeriphInc,MemInc,PeriphDataAlignment,MemDataAlignment,Mode,Priority,FIFOMode,SignalID,Polarity,RequestNumber,SyncSignalID,SyncPolarity,SyncEnable,EventEnable,SyncRequestNumber
Dma.ADC1.2.SignalID=NONE
Dma.ADC1.2.SyncEnable=DISABLE
Dma.ADC1.2.SyncPolarity=HAL_DMAMUX_SYNC_NO_EVENT
Dma.ADC1.2.SyncRequestNumber=1
Dma.ADC1.2.SyncSignalID=NONE
Dma.ADC2.3.Direction=DMA_PERIPH_TO_MEMORY
Dma.ADC2.3.EventEnable=DISABLE
Dma.ADC2.3.FIFOMode=DMA_FIFOMODE_DISABLE
Dma.ADC2.3.Instance=DMA1_Stream3
Dma.ADC2.3.MemDataAlignment=DMA_MDATAALIGN_HALFWORD
Dma.ADC2.3.MemInc=DMA_MINC_ENABLE
Dma.ADC2.3.Mode=DMA_CIRCULAR
Dma.ADC2.3.PeriphDataAlignment=DMA_PDATAALIGN_HALFWORD
Dma.ADC2.3.PeriphInc=DMA_PINC_DISABLE
Dma.ADC2.3.Polarity=HAL_DMAMUX_REQ_GEN_RISING
Dma.ADC2.3.Priority=DMA_PRIORITY_LOW
Dma.ADC2.3.RequestNumber=1
Dma.ADC2.3.RequestParameters=Instance,Direction,PeriphInc,MemInc,PeriphDataAlignment,MemDataAlignment,Mode,Priority,FIFOMode,SignalID,Polarity,RequestNumber,SyncSignalID,SyncPolarity,SyncEnable,EventEnable,SyncRequestNumber
Dma.ADC2.3.SignalID=NONE
Dma.ADC2.3.SyncEnable=DISABLE
Dma.ADC2.3.SyncPolarity=HAL_DMAMUX_SYNC_NO_EVENT
Dma.ADC2.3.SyncRequestNumber=1
Dma.ADC2.3.SyncSignalID=NONE
Dma.Request0=USART3_RX
Dma.Request1=USART3_TX
Dma.Request2=ADC1
Dma.Request3=ADC2
Dma.Request4=USART2_RX
Dma.Request5=USART2_TX
Dma.RequestsNb=6
Dma.USART2_RX.4.Direction=DMA_PERIPH_TO_MEMORY
Dma.USART2_RX.4.EventEnable=DISABLE
Dma.USART2_RX.4.FIFOMode=DMA_FIFOMODE_DISABLE
Dma.USART2_RX.4.Instance=DMA1_Stream4
Dma.USART2_RX.4.MemDataAlignment=DMA_MDATAALIGN_BYTE
Dma.USART2_RX.4.MemInc=DMA_MINC_ENABLE
Dma.USART2_RX.4.Mode=DMA_NORMAL
Dma.USART2_RX.4.PeriphDataAlignment=DMA_PDATAALIGN_BYTE
Dma.USART2_RX.4.PeriphInc=DMA_PINC_DISABLE
Dma.USART2_RX.4.Polarity=HAL_DMAMUX_REQ_GEN_RISING
Dma.USART2_RX.4.Priority=DMA_PRIORITY_LOW
Dma.USART2_RX.4.RequestNumber=1
Dma.USART2_RX.4.RequestParameters=Instance,Direction,PeriphInc,MemInc,PeriphDataAlignment,MemDataAlignment,Mode,Priority,FIFOMode,SignalID,Polarity,RequestNumber,SyncSignalID,SyncPolarity,SyncEnable,EventEnable,SyncRequestNumber
Dma.USART2_RX.4.SignalID=NONE
Dma.USART2_RX.4.SyncEnable=DISABLE
Dma.USART2_RX.4.SyncPolarity=HAL_DMAMUX_SYNC_NO_EVENT
Dma.USART2_RX.4.SyncRequestNumber=1
Dma.USART2_RX.4.SyncSignalID=NONE
Dma.USART2_TX.5.Direction=DMA_MEMORY_TO_PERIPH
Dma.USART2_TX.5.EventEnable=DISABLE
Dma.USART2_TX.5.FIFOMode=DMA_FIFOMODE_DISABLE
Dma.USART2_TX.5.Instance=DMA1_Stream5
Dma.USART2_TX.5.MemDataAlignment=DMA_MDATAALIGN_BYTE
Dma.USART2_TX.5.MemInc=DMA_MINC_ENABLE
Dma.USART2_TX.5.Mode=DMA_NORMAL
Dma.USART2_TX.5.PeriphDataAlignment=DMA_PDATAALIGN_BYTE
Dma.USART2_TX.5.PeriphInc=DMA_PINC_DISABLE
Dma.USART2_TX.5.Polarity=HAL_DMAMUX_REQ_GEN_RISING
Dma.USART2_TX.5.Priority=DMA_PRIORITY_LOW
Dma.USART2_TX.5.RequestNumber=1
Dma.USART2_TX.5.RequestParameters=Instance,Direction,PeriphInc,MemInc,PeriphDataAlignment,MemDataAlignment,Mode,Priority,FIFOMode,SignalID,Polarity,RequestNumber,SyncSignalID,SyncPolarity,SyncEnable,EventEnable,SyncRequestNumber
Dma.USART2_TX.5.SignalID=NONE
Dma.USART2_TX.5.SyncEnable=DISABLE
Dma.USART2_TX.5.SyncPolarity=HAL_DMAMUX_SYNC_NO_EVENT
Dma.USART2_TX.5.SyncRequestNumber=1
Dma.USART2_TX.5.SyncSignalID=NONE
Dma.USART3_RX.0.Direction=DMA_PERIPH_TO_MEMORY
Dma.USART3_RX.0.EventEnable=DISABLE
Dma.USART3_RX.0.FIFOMode=DMA_FIFOMODE_DISABLE
Dma.USART3_RX.0.Instance=DMA1_Stream0
Dma.USART3_RX.0.MemDataAlignment=DMA_MDATAALIGN_BYTE
Dma.USART3_RX.0.MemInc=DMA_MINC_ENABLE
Dma.USART3_RX.0.Mode=DMA_NORMAL
Dma.USART3_RX.0.PeriphDataAlignment=DMA_PDATAALIGN_BYTE
Dma.USART3_RX.0.PeriphInc=DMA_PINC_DISABLE
Dma.USART3_RX.0.Polarity=HAL_DMAMUX_REQ_GEN_RISING
Dma.USART3_RX.0.Priority=DMA_PRIORITY_LOW
Dma.USART3_RX.0.RequestNumber=1
Dma.USART3_RX.0.RequestParameters=Instance,Direction,PeriphInc,MemInc,PeriphDataAlignment,MemDataAlignment,Mode,Priority,FIFOMode,SignalID,Polarity,RequestNumber,SyncSignalID,SyncPolarity,SyncEnable,EventEnable,SyncRequestNumber
Dma.USART3_RX.0.SignalID=NONE
Dma.USART3_RX.0.SyncEnable=DISABLE
Dma.USART3_RX.0.SyncPolarity=HAL_DMAMUX_SYNC_NO_EVENT
Dma.USART3_RX.0.SyncRequestNumber=1
Dma.USART3_RX.0.SyncSignalID=NONE
Dma.USART3_TX.1.Direction=DMA_MEMORY_TO_PERIPH
Dma.USART3_TX.1.EventEnable=DISABLE
Dma.USART3_TX.1.FIFOMode=DMA_FIFOMODE_DISABLE
Dma.USART3_TX.1.Instance=DMA1_Stream1
Dma.USART3_TX.1.MemDataAlignment=DMA_MDATAALIGN_BYTE
Dma.USART3_TX.1.MemInc=DMA_MINC_ENABLE
Dma.USART3_TX.1.Mode=DMA_NORMAL
Dma.USART3_TX.1.PeriphDataAlignment=DMA_PDATAALIGN_BYTE
Dma.USART3_TX.1.PeriphInc=DMA_PINC_DISABLE
Dma.USART3_TX.1.Polarity=HAL_DMAMUX_REQ_GEN_RISING
Dma.USART3_TX.1.Priority=DMA_PRIORITY_LOW
Dma.USART3_TX.1.RequestNumber=1
Dma.USART3_TX.1.RequestParameters=Instance,Direction,PeriphInc,MemInc,PeriphDataAlignment,MemDataAlignment,Mode,Priority,FIFOMode,SignalID,Polarity,RequestNumber,SyncSignalID,SyncPolarity,SyncEnable,EventEnable,SyncRequestNumber
Dma.USART3_TX.1.SignalID=NONE
Dma.USART3_TX.1.SyncEnable=DISABLE
Dma.USART3_TX.1.SyncPolarity=HAL_DMAMUX_SYNC_NO_EVENT
Dma.USART3_TX.1.SyncRequestNumber=1
Dma.USART3_TX.1.SyncSignalID=NONE
FREERTOS.FootprintOK=true
FREERTOS.INCLUDE_uxTaskGetStackHighWaterMark2=1
FREERTOS.IPParameters=Tasks01,configUSE_NEWLIB_REENTRANT,FootprintOK,configENABLE_FPU,configRECORD_STACK_HIGH_ADDRESS,configCHECK_FOR_STACK_OVERFLOW,INCLUDE_uxTaskGetStackHighWaterMark2
FREERTOS.Tasks01=defaultTask,24,256,StartDefaultTask,Default,NULL,Dynamic,NULL,NULL;UART1Task,8,512,UART1_task,Default,NULL,Dynamic,NULL,NULL;Task4_20mAscan,8,256,ADC_4_20mApolling,Default,NULL,Dynamic,NULL,NULL;myTaskMaster,8,256,StartTaskMaster,Default,NULL,Dynamic,NULL,NULL;ExternalFlash,8,256,external_flash,Default,NULL,Dynamic,NULL,NULL;UARTSend,8,512,UART_Send,Default,NULL,Dynamic,NULL,NULL;PID,8,512,PIDControl,Default,NULL,Dynamic,NULL,NULL;PumpsScheduler,8,256,Pumps_Scheduler,Default,NULL,Dynamic,NULL,NULL
FREERTOS.configCHECK_FOR_STACK_OVERFLOW=1
FREERTOS.configENABLE_FPU=1
FREERTOS.configRECORD_STACK_HIGH_ADDRESS=1
FREERTOS.configUSE_NEWLIB_REENTRANT=1
File.Version=6
GPIO.groupedBy=Group By Peripherals
KeepUserPlacement=false
LPUART1.BaudRate=115200
LPUART1.IPParameters=BaudRate
Mcu.CPN=STM32H750VBT6
Mcu.Family=STM32H7
Mcu.IP0=ADC1
Mcu.IP1=ADC2
Mcu.IP10=RTC
Mcu.IP11=SYS
Mcu.IP12=TIM2
Mcu.IP13=TIM4
Mcu.IP14=USART1
Mcu.IP15=USART2
Mcu.IP16=USART3
Mcu.IP17=USB_OTG_FS
Mcu.IP18=VREFBUF
Mcu.IP2=CORTEX_M7
Mcu.IP3=DEBUG
Mcu.IP4=DMA
Mcu.IP5=FREERTOS
Mcu.IP6=LPUART1
Mcu.IP7=NVIC
Mcu.IP8=QUADSPI
Mcu.IP9=RCC
Mcu.IPNb=19
Mcu.Name=STM32H750VBTx
Mcu.Package=LQFP100
Mcu.Pin0=PE3
Mcu.Pin1=PE4
Mcu.Pin10=PA3
Mcu.Pin11=PA4
Mcu.Pin12=PA7
Mcu.Pin13=PC4
Mcu.Pin14=PC5
Mcu.Pin15=PB0
Mcu.Pin16=PB1
Mcu.Pin17=PB2
Mcu.Pin18=PE7
Mcu.Pin19=PE8
Mcu.Pin2=PE5
Mcu.Pin20=PE9
Mcu.Pin21=PE10
Mcu.Pin22=PB11
Mcu.Pin23=PB12
Mcu.Pin24=PB13
Mcu.Pin25=PB14
Mcu.Pin26=PB15
Mcu.Pin27=PD8
Mcu.Pin28=PD9
Mcu.Pin29=PD12
Mcu.Pin3=PC14-OSC32_IN (OSC32_IN)
Mcu.Pin30=PD13
Mcu.Pin31=PD14
Mcu.Pin32=PD15
Mcu.Pin33=PA9
Mcu.Pin34=PA11
Mcu.Pin35=PA12
Mcu.Pin36=PA13 (JTMS/SWDIO)
Mcu.Pin37=PA14 (JTCK/SWCLK)
Mcu.Pin38=PC11
Mcu.Pin39=PD0
Mcu.Pin4=PC15-OSC32_OUT (OSC32_OUT)
Mcu.Pin40=PD1
Mcu.Pin41=PD2
Mcu.Pin42=PD6
Mcu.Pin43=PB3 (JTDO/TRACESWO)
Mcu.Pin44=PB6
Mcu.Pin45=PB7
Mcu.Pin46=VP_FREERTOS_VS_CMSIS_V2
Mcu.Pin47=VP_RTC_VS_RTC_Activate
Mcu.Pin48=VP_SYS_VS_tim17
Mcu.Pin49=VP_TIM2_VS_ClockSourceINT
Mcu.Pin5=PC0
Mcu.Pin50=VP_TIM4_VS_ClockSourceINT
Mcu.Pin51=VP_VREFBUF_V_VREFBUF
Mcu.Pin6=PC1
Mcu.Pin7=PA0
Mcu.Pin8=PA1
Mcu.Pin9=PA2
Mcu.PinsNb=52
Mcu.ThirdPartyNb=0
Mcu.UserConstants=
Mcu.UserName=STM32H750VBTx
MxCube.Version=6.9.2
MxDb.Version=DB.6.0.92
NVIC.ADC_IRQn=true\:5\:0\:false\:false\:true\:true\:true\:true\:true
NVIC.BusFault_IRQn=true\:0\:0\:false\:false\:true\:false\:false\:false\:false
NVIC.DMA1_Stream0_IRQn=true\:5\:0\:false\:false\:true\:true\:false\:true\:true
NVIC.DMA1_Stream1_IRQn=true\:5\:0\:false\:false\:true\:true\:false\:true\:true
NVIC.DMA1_Stream2_IRQn=true\:5\:0\:false\:false\:true\:true\:false\:true\:true
NVIC.DMA1_Stream3_IRQn=true\:5\:0\:false\:false\:true\:true\:false\:true\:true
NVIC.DMA1_Stream4_IRQn=true\:5\:0\:false\:false\:true\:true\:false\:true\:true
NVIC.DMA1_Stream5_IRQn=true\:5\:0\:false\:false\:true\:true\:false\:true\:true
NVIC.DebugMonitor_IRQn=true\:0\:0\:false\:false\:true\:false\:false\:false\:false
NVIC.FPU_IRQn=true\:5\:0\:false\:false\:true\:true\:false\:false\:true
NVIC.ForceEnableDMAVector=true
NVIC.HardFault_IRQn=true\:0\:0\:false\:false\:true\:false\:false\:false\:false
NVIC.MemoryManagement_IRQn=true\:0\:0\:false\:false\:true\:false\:false\:false\:false
NVIC.NonMaskableInt_IRQn=true\:0\:0\:false\:false\:true\:false\:false\:false\:false
NVIC.PendSV_IRQn=true\:15\:0\:false\:false\:false\:true\:false\:false\:false
NVIC.PriorityGroup=NVIC_PRIORITYGROUP_4
NVIC.QUADSPI_IRQn=true\:5\:0\:false\:false\:true\:true\:true\:true\:true
NVIC.SVCall_IRQn=true\:0\:0\:false\:false\:false\:false\:false\:false\:false
NVIC.SavedPendsvIrqHandlerGenerated=true
NVIC.SavedSvcallIrqHandlerGenerated=true
NVIC.SavedSystickIrqHandlerGenerated=true
NVIC.SysTick_IRQn=true\:15\:0\:false\:false\:false\:true\:false\:true\:false
NVIC.TIM17_IRQn=true\:15\:0\:false\:false\:true\:false\:false\:true\:true
NVIC.TimeBase=TIM17_IRQn
NVIC.TimeBaseIP=TIM17
NVIC.USART1_IRQn=true\:5\:0\:false\:false\:true\:true\:true\:true\:true
NVIC.USART3_IRQn=true\:5\:0\:false\:false\:true\:true\:true\:true\:true
NVIC.UsageFault_IRQn=true\:0\:0\:false\:false\:true\:false\:false\:false\:false
PA0.GPIOParameters=GPIO_Label
PA0.GPIO_Label=ADC_in1
PA0.Locked=true
PA0.Mode=IN16-Single-Ended
PA0.Signal=ADC1_INP16
PA1.Mode=Hardware Flow Control (RS485)
PA1.Signal=USART2_DE
PA11.Mode=Host_Only
PA11.Signal=USB_OTG_FS_DM
PA12.Mode=Host_Only
PA12.Signal=USB_OTG_FS_DP
PA13\ (JTMS/SWDIO).Mode=Trace_Asynchronous_SW
PA13\ (JTMS/SWDIO).Signal=DEBUG_JTMS-SWDIO
PA14\ (JTCK/SWCLK).Mode=Trace_Asynchronous_SW
PA14\ (JTCK/SWCLK).Signal=DEBUG_JTCK-SWCLK
PA2.Mode=Asynchronous
PA2.Signal=USART2_TX
PA3.Locked=true
PA3.Signal=ADCx_INP15
PA4.Locked=true
PA4.Signal=ADCx_INP18
PA7.GPIOParameters=GPIO_Label
PA7.GPIO_Label=Din3
PA7.Locked=true
PA7.Signal=GPIO_Input
PA9.Mode=Activate_VBUS
PA9.Signal=USB_OTG_FS_VBUS
PB0.Signal=ADCx_INP9
PB1.Signal=ADCx_INP5
PB11.GPIOParameters=GPIO_PuPd,GPIO_Label
PB11.GPIO_Label=HWid2
PB11.GPIO_PuPd=GPIO_PULLDOWN
PB11.Locked=true
PB11.Signal=GPIO_Input
PB12.GPIOParameters=GPIO_PuPd,GPIO_Label
PB12.GPIO_Label=HWid0
PB12.GPIO_PuPd=GPIO_PULLDOWN
PB12.Locked=true
PB12.Signal=GPIO_Input
PB13.GPIOParameters=GPIO_PuPd,GPIO_Label
PB13.GPIO_Label=HWid1
PB13.GPIO_PuPd=GPIO_PULLDOWN
PB13.Locked=true
PB13.Signal=GPIO_Input
PB14.Mode=Asynchronous
PB14.Signal=USART1_TX
PB15.Mode=Asynchronous
PB15.Signal=USART1_RX
PB2.Mode=Single Bank 2
PB2.Signal=QUADSPI_CLK
PB3\ (JTDO/TRACESWO).Mode=Trace_Asynchronous_SW
PB3\ (JTDO/TRACESWO).Signal=DEBUG_JTDO-SWO
PB6.Locked=true
PB6.Mode=Asynchronous
PB6.Signal=LPUART1_TX
PB7.Locked=true
PB7.Mode=Asynchronous
PB7.Signal=LPUART1_RX
PC0.GPIOParameters=GPIO_Label
PC0.GPIO_Label=ADC_in2
PC0.Locked=true
PC0.Signal=ADCx_INP10
PC1.GPIOParameters=GPIO_Label
PC1.GPIO_Label=Din4
PC1.Locked=true
PC1.Signal=GPIO_Input
PC11.Mode=Single Bank 2
PC11.Signal=QUADSPI_BK2_NCS
PC14-OSC32_IN\ (OSC32_IN).Mode=LSE-External-Oscillator
PC14-OSC32_IN\ (OSC32_IN).Signal=RCC_OSC32_IN
PC15-OSC32_OUT\ (OSC32_OUT).Mode=LSE-External-Oscillator
PC15-OSC32_OUT\ (OSC32_OUT).Signal=RCC_OSC32_OUT
PC4.GPIOParameters=GPIO_Label
PC4.GPIO_Label=Din1
PC4.Locked=true
PC4.Signal=GPIO_Input
PC5.GPIOParameters=GPIO_Label
PC5.GPIO_Label=Din2
PC5.Locked=true
PC5.Signal=GPIO_Input
PD0.GPIOParameters=GPIO_Label
PD0.GPIO_Label=Dout1
PD0.Locked=true
PD0.Signal=GPIO_Output
PD1.GPIOParameters=GPIO_Label
PD1.GPIO_Label=Dout2
PD1.Locked=true
PD1.Signal=GPIO_Output
PD12.Locked=true
PD12.Mode=Hardware Flow Control (RS485)
PD12.Signal=USART3_DE
PD13.GPIOParameters=GPIO_Label
PD13.GPIO_Label=LED_R
PD13.Locked=true
PD13.Signal=S_TIM4_CH2
PD14.GPIOParameters=GPIO_Label
PD14.GPIO_Label=LED_G
PD14.Locked=true
PD14.Signal=S_TIM4_CH3
PD15.GPIOParameters=GPIO_Label
PD15.GPIO_Label=LED_B
PD15.Locked=true
PD15.Signal=S_TIM4_CH4
PD2.GPIOParameters=GPIO_Label
PD2.GPIO_Label=Dout3
PD2.Locked=true
PD2.Signal=GPIO_Output
PD6.Mode=Asynchronous
PD6.Signal=USART2_RX
PD8.Locked=true
PD8.Mode=Asynchronous
PD8.Signal=USART3_TX
PD9.Locked=true
PD9.Mode=Asynchronous
PD9.Signal=USART3_RX
PE10.Mode=Single Bank 2
PE10.Signal=QUADSPI_BK2_IO3
PE3.GPIOParameters=GPIO_Label
PE3.GPIO_Label=Fpresent_LED
PE3.Locked=true
PE3.Signal=GPIO_Output
PE4.GPIOParameters=PinState,GPIO_Label
PE4.GPIO_Label=ESP32_RST
PE4.Locked=true
PE4.PinState=GPIO_PIN_SET
PE4.Signal=GPIO_Output
PE5.GPIOParameters=PinState,GPIO_Label
PE5.GPIO_Label=ESP32_IO0
PE5.Locked=true
PE5.PinState=GPIO_PIN_SET
PE5.Signal=GPIO_Output
PE7.Mode=Single Bank 2
PE7.Signal=QUADSPI_BK2_IO0
PE8.Mode=Single Bank 2
PE8.Signal=QUADSPI_BK2_IO1
PE9.Mode=Single Bank 2
PE9.Signal=QUADSPI_BK2_IO2
PinOutPanel.RotationAngle=0
ProjectManager.AskForMigrate=true
ProjectManager.BackupPrevious=false
ProjectManager.CompilerOptimize=6
ProjectManager.ComputerToolchain=false
ProjectManager.CoupleFile=true
ProjectManager.CustomerFirmwarePackage=
ProjectManager.DefaultFWLocation=true
ProjectManager.DeletePrevious=true
ProjectManager.DeviceId=STM32H750VBTx
ProjectManager.FirmwarePackage=STM32Cube FW_H7 V1.11.1
ProjectManager.FreePins=false
ProjectManager.HalAssertFull=false
ProjectManager.HeapSize=0x200
ProjectManager.KeepUserCode=true
ProjectManager.LastFirmware=true
ProjectManager.LibraryCopy=1
ProjectManager.MainLocation=Core/Src
ProjectManager.NoMain=false
ProjectManager.PreviousToolchain=STM32CubeIDE
ProjectManager.ProjectBuild=false
ProjectManager.ProjectFileName=NPC20_mini.ioc
ProjectManager.ProjectName=NPC20_mini
ProjectManager.ProjectStructure=
ProjectManager.RegisterCallBack=
ProjectManager.StackSize=0x400
ProjectManager.TargetToolchain=STM32CubeIDE
ProjectManager.ToolChainLocation=
ProjectManager.UAScriptAfterPath=
ProjectManager.UAScriptBeforePath=
ProjectManager.UnderRoot=true
ProjectManager.functionlistsort=1-SystemClock_Config-RCC-false-HAL-false,2-MX_GPIO_Init-GPIO-false-HAL-true,3-MX_DMA_Init-DMA-false-HAL-true,4-MX_LPUART1_UART_Init-LPUART1-false-HAL-true,5-MX_USART1_UART_Init-USART1-false-HAL-true,6-MX_USART3_UART_Init-USART3-false-HAL-true,7-MX_TIM4_Init-TIM4-false-HAL-true,8-MX_USB_OTG_FS_HCD_Init-USB_OTG_FS-false-HAL-true,9-MX_ADC1_Init-ADC1-false-HAL-true,10-MX_QUADSPI_Init-QUADSPI-false-HAL-true,11-MX_RTC_Init-RTC-false-HAL-true,12-MX_ADC2_Init-ADC2-false-HAL-true,13-MX_USART2_UART_Init-USART2-false-HAL-true,14-MX_TIM2_Init-TIM2-false-HAL-true,0-MX_CORTEX_M7_Init-CORTEX_M7-false-HAL-true,0-MX_VREFBUF_Init-VREFBUF-false-HAL-true
QUADSPI.ChipSelectHighTime=QSPI_CS_HIGH_TIME_6_CYCLE
QUADSPI.ClockPrescaler=0
QUADSPI.FifoThreshold=4
QUADSPI.FlashSize=24
QUADSPI.IPParameters=ClockPrescaler,SampleShifting,FlashSize,ChipSelectHighTime,FifoThreshold
QUADSPI.SampleShifting=QSPI_SAMPLE_SHIFTING_HALFCYCLE
RCC.ADCCLockSelection=RCC_ADCCLKSOURCE_PLL2
RCC.ADCFreq_Value=32000000
RCC.AHB12Freq_Value=100000000
RCC.AHB4Freq_Value=100000000
RCC.APB1Freq_Value=50000000
RCC.APB2Freq_Value=50000000
RCC.APB3Freq_Value=50000000
RCC.APB4Freq_Value=100000000
RCC.AXIClockFreq_Value=100000000
RCC.CECCLockSelection=RCC_CECCLKSOURCE_LSI
RCC.CECFreq_Value=32000
RCC.CKPERFreq_Value=64000000
RCC.CKPERSourceSelection=RCC_CLKPSOURCE_HSI
RCC.CSI_VALUE=4000000
RCC.CortexFreq_Value=100000000
RCC.Cortex_DivARG=SystemCoreClock/1000
RCC.CpuClockFreq_Value=100000000
RCC.D1CPREFreq_Value=100000000
RCC.D1PPRE=RCC_APB3_DIV2
RCC.D2PPRE1=RCC_APB1_DIV2
RCC.D2PPRE2=RCC_APB2_DIV2
RCC.DFSDMACLkFreq_Value=200000000
RCC.DFSDMCLockSelection=RCC_DFSDM1CLKSOURCE_D2PCLK1
RCC.DFSDMFreq_Value=50000000
RCC.DIVM1=16
RCC.DIVN1=100
RCC.DIVN2=128
RCC.DIVN3=128
RCC.DIVP1=4
RCC.DIVP1Freq_Value=100000000
RCC.DIVP2=8
RCC.DIVP2Freq_Value=32000000
RCC.DIVP3Freq_Value=128000000
RCC.DIVQ1Freq_Value=200000000
RCC.DIVQ2=8
RCC.DIVQ2Freq_Value=32000000
RCC.DIVQ3=8
RCC.DIVQ3Freq_Value=32000000
RCC.DIVR1Freq_Value=200000000
RCC.DIVR2Freq_Value=128000000
RCC.DIVR3Freq_Value=128000000
RCC.DSICLockSelection=RCC_DSICLKSOURCE_PHY
RCC.DSIFreq_Value=96000000
RCC.DSIPHYCLKFreq_Value=96000000
RCC.DSIPHY_Div=8
RCC.DSITXEscFreq_Value=20000000
RCC.DSITX_Div=4
RCC.DSI_PHY_VALUE=12288000
RCC.EXTERNAL_CLOCK_VALUE=12288000
RCC.FDCANCLockSelection=RCC_FDCANCLKSOURCE_PLL
RCC.FDCANFreq_Value=200000000
RCC.FMCCLockSelection=RCC_FMCCLKSOURCE_D1HCLK
RCC.FMCFreq_Value=100000000
RCC.FamilyName=M
RCC.HCLK3ClockFreq_Value=100000000
RCC.HCLKFreq_Value=100000000
RCC.HRTIMFreq_Value=100000000
RCC.HSE_VALUE=25000000
RCC.HSI_VALUE=64000000
RCC.I2C123CLockSelection=RCC_I2C123CLKSOURCE_D2PCLK1
RCC.I2C123Freq_Value=50000000
RCC.I2C4CLockSelection=RCC_I2C4CLKSOURCE_D3PCLK1
RCC.I2C4Freq_Value=100000000
RCC.IPParameters=ADCCLockSelection,ADCFreq_Value,AHB12Freq_Value,AHB4Freq_Value,APB1Freq_Value,APB2Freq_Value,APB3Freq_Value,APB4Freq_Value,AXIClockFreq_Value,CECCLockSelection,CECFreq_Value,CKPERFreq_Value,CKPERSourceSelection,CSI_VALUE,CortexFreq_Value,Cortex_DivARG,CpuClockFreq_Value,D1CPREFreq_Value,D1PPRE,D2PPRE1,D2PPRE2,DFSDMACLkFreq_Value,DFSDMCLockSelection,DFSDMFreq_Value,DIVM1,DIVN1,DIVN2,DIVN3,DIVP1,DIVP1Freq_Value,DIVP2,DIVP2Freq_Value,DIVP3Freq_Value,DIVQ1Freq_Value,DIVQ2,DIVQ2Freq_Value,DIVQ3,DIVQ3Freq_Value,DIVR1Freq_Value,DIVR2Freq_Value,DIVR3Freq_Value,DSICLockSelection,DSIFreq_Value,DSIPHYCLKFreq_Value,DSIPHY_Div,DSITXEscFreq_Value,DSITX_Div,DSI_PHY_VALUE,EXTERNAL_CLOCK_VALUE,FDCANCLockSelection,FDCANFreq_Value,FMCCLockSelection,FMCFreq_Value,FamilyName,HCLK3ClockFreq_Value,HCLKFreq_Value,HRTIMFreq_Value,HSE_VALUE,HSI_VALUE,I2C123CLockSelection,I2C123Freq_Value,I2C4CLockSelection,I2C4Freq_Value,LPTIM1CLockSelection,LPTIM1Freq_Value,LPTIM2CLockSelection,LPTIM2Freq_Value,LPTIM345CLockSelection,LPTIM345Freq_Value,LPUART1Freq_Value,LSI_VALUE,LTDCFreq_Value,MCO1PinFreq_Value,MCO2PinFreq_Value,PLL1_VCI_Range,PLL1_VCI_Range-AdvancedSettings,PLL2FRACN,PLL2_VCI_Range,PLL3FRACN,PLLDSIDev,PLLDSIFreq_Value,PLLDSIIDF,PLLDSIMult,PLLDSINDIV,PLLDSIODF,PLLDSIVCOFreq_Value,PLLFRACN,QSPICLockSelection,QSPIFreq_Value,RC48_VALUE,RCC_MCO1Source,RCC_MCO2Source,RNGCLockSelection,RNGFreq_Value,RTCClockSelection,RTCFreq_Value,SAI1CLockSelection,SAI1Freq_Value,SAI23CLockSelection,SAI23Freq_Value,SAI4ACLockSelection,SAI4AFreq_Value,SAI4BCLockSelection,SAI4BFreq_Value,SDMMCFreq_Value,SPDIFCLockSelection,SPDIFRXFreq_Value,SPI123CLockSelection,SPI123Freq_Value,SPI45Freq_Value,SPI6CLockSelection,SPI6Freq_Value,SWPCLockSelection,SWPMI1Freq_Value,SYSCLKFreq_VALUE,SYSCLKSource,Spi45ClockSelection,Tim1OutputFreq_Value,Tim2OutputFreq_Value,TraceFreq_Value,USART16CLockSelection,USART16Freq_Value,USART234578CLockSelection,USART234578Freq_Value,USBCLockSelection,USBFreq_Value,VCO1OutputFreq_Value,VCO2OutputFreq_Value,VCO3OutputFreq_Value,VCOInput1Freq_Value,VCOInput2Freq_Value,VCOInput3Freq_Value,WatchDogFreq_Value
RCC.LPTIM1CLockSelection=RCC_LPTIM1CLKSOURCE_D2PCLK1
RCC.LPTIM1Freq_Value=50000000
RCC.LPTIM2CLockSelection=RCC_LPTIM2CLKSOURCE_D3PCLK1
RCC.LPTIM2Freq_Value=100000000
RCC.LPTIM345CLockSelection=RCC_LPTIM345CLKSOURCE_D3PCLK1
RCC.LPTIM345Freq_Value=100000000
RCC.LPUART1Freq_Value=50000000
RCC.LSI_VALUE=32000
RCC.LTDCFreq_Value=128000000
RCC.MCO1PinFreq_Value=64000000
RCC.MCO2PinFreq_Value=100000000
RCC.PLL1_VCI_Range=RCC_PLL1VCIRANGE_3
RCC.PLL1_VCI_Range-AdvancedSettings=RCC_PLL1VCIRANGE_1
RCC.PLL2FRACN=0
RCC.PLL2_VCI_Range=RCC_PLL2VCIRANGE_3
RCC.PLL3FRACN=0
RCC.PLLDSIDev=2
RCC.PLLDSIFreq_Value=500000000
RCC.PLLDSIIDF=DSI_PLL_IN_DIV1
RCC.PLLDSIMult=2
RCC.PLLDSINDIV=20
RCC.PLLDSIODF=DSI_PLL_OUT_DIV1
RCC.PLLDSIVCOFreq_Value=500000000
RCC.PLLFRACN=0
RCC.QSPICLockSelection=RCC_QSPICLKSOURCE_D1HCLK
RCC.QSPIFreq_Value=100000000
RCC.RC48_VALUE=48000000
RCC.RCC_MCO1Source=RCC_MCO1SOURCE_HSI
RCC.RCC_MCO2Source=RCC_MCO2SOURCE_SYSCLK
RCC.RNGCLockSelection=RCC_RNGCLKSOURCE_HSI48
RCC.RNGFreq_Value=48000000
RCC.RTCClockSelection=RCC_RTCCLKSOURCE_LSE
RCC.RTCFreq_Value=32768
RCC.SAI1CLockSelection=RCC_SAI1CLKSOURCE_PLL
RCC.SAI1Freq_Value=200000000
RCC.SAI23CLockSelection=RCC_SAI23CLKSOURCE_PLL
RCC.SAI23Freq_Value=200000000
RCC.SAI4ACLockSelection=RCC_SAI4ACLKSOURCE_PLL
RCC.SAI4AFreq_Value=200000000
RCC.SAI4BCLockSelection=RCC_SAI4BCLKSOURCE_PLL
RCC.SAI4BFreq_Value=200000000
RCC.SDMMCFreq_Value=200000000
RCC.SPDIFCLockSelection=RCC_SPDIFRXCLKSOURCE_PLL
RCC.SPDIFRXFreq_Value=200000000
RCC.SPI123CLockSelection=RCC_SPI123CLKSOURCE_PLL
RCC.SPI123Freq_Value=200000000
RCC.SPI45Freq_Value=50000000
RCC.SPI6CLockSelection=RCC_SPI6CLKSOURCE_D3PCLK1
RCC.SPI6Freq_Value=100000000
RCC.SWPCLockSelection=RCC_SWPMI1CLKSOURCE_D2PCLK1
RCC.SWPMI1Freq_Value=50000000
RCC.SYSCLKFreq_VALUE=100000000
RCC.SYSCLKSource=RCC_SYSCLKSOURCE_PLLCLK
RCC.Spi45ClockSelection=RCC_SPI45CLKSOURCE_D2PCLK1
RCC.Tim1OutputFreq_Value=100000000
RCC.Tim2OutputFreq_Value=100000000
RCC.TraceFreq_Value=200000000
RCC.USART16CLockSelection=RCC_USART16CLKSOURCE_D2PCLK2
RCC.USART16Freq_Value=50000000
RCC.USART234578CLockSelection=RCC_USART234578CLKSOURCE_D2PCLK1
RCC.USART234578Freq_Value=50000000
RCC.USBCLockSelection=RCC_USBCLKSOURCE_HSI48
RCC.USBFreq_Value=48000000
RCC.VCO1OutputFreq_Value=400000000
RCC.VCO2OutputFreq_Value=256000000
RCC.VCO3OutputFreq_Value=256000000
RCC.VCOInput1Freq_Value=4000000
RCC.VCOInput2Freq_Value=2000000
RCC.VCOInput3Freq_Value=2000000
RCC.WatchDogFreq_Value=32000
SH.ADCx_INP10.0=ADC1_INP10
SH.ADCx_INP10.ConfNb=1
SH.ADCx_INP15.0=ADC1_INP15
SH.ADCx_INP15.1=ADC2_INP15,IN15-Single-Ended
SH.ADCx_INP15.ConfNb=2
SH.ADCx_INP18.0=ADC1_INP18
SH.ADCx_INP18.1=ADC2_INP18,IN18-Single-Ended
SH.ADCx_INP18.ConfNb=2
SH.ADCx_INP5.0=ADC2_INP5,IN5-Single-Ended
SH.ADCx_INP5.ConfNb=1
SH.ADCx_INP9.0=ADC2_INP9,IN9-Single-Ended
SH.ADCx_INP9.ConfNb=1
SH.S_TIM4_CH2.0=TIM4_CH2,PWM Generation2 CH2
SH.S_TIM4_CH2.ConfNb=1
SH.S_TIM4_CH3.0=TIM4_CH3,PWM Generation3 CH3
SH.S_TIM4_CH3.ConfNb=1
SH.S_TIM4_CH4.0=TIM4_CH4,PWM Generation4 CH4
SH.S_TIM4_CH4.ConfNb=1
TIM4.Channel-PWM\ Generation2\ CH2=TIM_CHANNEL_2
TIM4.Channel-PWM\ Generation3\ CH3=TIM_CHANNEL_3
TIM4.Channel-PWM\ Generation4\ CH4=TIM_CHANNEL_4
TIM4.IPParameters=Channel-PWM Generation2 CH2,Channel-PWM Generation3 CH3,Channel-PWM Generation4 CH4
USART1.IPParameters=VirtualMode-Asynchronous
USART1.VirtualMode-Asynchronous=VM_ASYNC
USART2.IPParameters=VirtualMode-Asynchronous,VirtualMode-Hardware Flow Control (RS485)
USART2.VirtualMode-Asynchronous=VM_ASYNC
USART2.VirtualMode-Hardware\ Flow\ Control\ (RS485)=VM_ASYNC
USART3.BaudRate=19200
USART3.IPParameters=VirtualMode-Asynchronous,VirtualMode-Hardware Flow Control (RS485),BaudRate
USART3.VirtualMode-Asynchronous=VM_ASYNC
USART3.VirtualMode-Hardware\ Flow\ Control\ (RS485)=VM_ASYNC
USB_OTG_FS.IPParameters=VirtualMode,phy_itface
USB_OTG_FS.VirtualMode=Host_Only
USB_OTG_FS.phy_itface=HCD_PHY_EMBEDDED
VP_FREERTOS_VS_CMSIS_V2.Mode=CMSIS_V2
VP_FREERTOS_VS_CMSIS_V2.Signal=FREERTOS_VS_CMSIS_V2
VP_RTC_VS_RTC_Activate.Mode=RTC_Enabled
VP_RTC_VS_RTC_Activate.Signal=RTC_VS_RTC_Activate
VP_SYS_VS_tim17.Mode=TIM17
VP_SYS_VS_tim17.Signal=SYS_VS_tim17
VP_TIM2_VS_ClockSourceINT.Mode=Internal
VP_TIM2_VS_ClockSourceINT.Signal=TIM2_VS_ClockSourceINT
VP_TIM4_VS_ClockSourceINT.Mode=Internal
VP_TIM4_VS_ClockSourceINT.Signal=TIM4_VS_ClockSourceINT
VP_VREFBUF_V_VREFBUF.Mode=ExternalMode
VP_VREFBUF_V_VREFBUF.Signal=VREFBUF_V_VREFBUF
board=custom
rtos.0.ip=FREERTOS
isbadioc=false
